// !$*UTF8*$!
{
	archiveVersion = 1;
	classes = {
	};
	objectVersion = 50;
	objects = {

/* Begin PBXBuildFile section */
		037AAFBB24BEE6770022798A /* EmojiRatingView.swift in Sources */ = {isa = PBXBuildFile; fileRef = 037AAFBA24BEE6770022798A /* EmojiRatingView.swift */; };
		037AAFBD24BEE9CF0022798A /* AddMovieView.swift in Sources */ = {isa = PBXBuildFile; fileRef = 037AAFBC24BEE9CF0022798A /* AddMovieView.swift */; };
		037AAFBF24BEEC7B0022798A /* RatingView.swift in Sources */ = {isa = PBXBuildFile; fileRef = 037AAFBE24BEEC7B0022798A /* RatingView.swift */; };
		03D04FE324BEF9BA0058E0A5 /* DeatilView.swift in Sources */ = {isa = PBXBuildFile; fileRef = 03D04FE224BEF9BA0058E0A5 /* DeatilView.swift */; };
		03FF4B6024BEE18000931545 /* AppDelegate.swift in Sources */ = {isa = PBXBuildFile; fileRef = 03FF4B5F24BEE18000931545 /* AppDelegate.swift */; };
		03FF4B6224BEE18000931545 /* SceneDelegate.swift in Sources */ = {isa = PBXBuildFile; fileRef = 03FF4B6124BEE18000931545 /* SceneDelegate.swift */; };
		03FF4B6524BEE18000931545 /* MovieMemo.xcdatamodeld in Sources */ = {isa = PBXBuildFile; fileRef = 03FF4B6324BEE18000931545 /* MovieMemo.xcdatamodeld */; };
		03FF4B6724BEE18000931545 /* ContentView.swift in Sources */ = {isa = PBXBuildFile; fileRef = 03FF4B6624BEE18000931545 /* ContentView.swift */; };
		03FF4B6924BEE18100931545 /* Assets.xcassets in Resources */ = {isa = PBXBuildFile; fileRef = 03FF4B6824BEE18100931545 /* Assets.xcassets */; };
		03FF4B6C24BEE18100931545 /* Preview Assets.xcassets in Resources */ = {isa = PBXBuildFile; fileRef = 03FF4B6B24BEE18100931545 /* Preview Assets.xcassets */; };
		03FF4B6F24BEE18100931545 /* LaunchScreen.storyboard in Resources */ = {isa = PBXBuildFile; fileRef = 03FF4B6D24BEE18100931545 /* LaunchScreen.storyboard */; };
/* End PBXBuildFile section */

/* Begin PBXFileReference section */
		037AAFBA24BEE6770022798A /* EmojiRatingView.swift */ = {isa = PBXFileReference; lastKnownFileType = sourcecode.swift; path = EmojiRatingView.swift; sourceTree = "<group>"; };
		037AAFBC24BEE9CF0022798A /* AddMovieView.swift */ = {isa = PBXFileReference; lastKnownFileType = sourcecode.swift; path = AddMovieView.swift; sourceTree = "<group>"; };
		037AAFBE24BEEC7B0022798A /* RatingView.swift */ = {isa = PBXFileReference; lastKnownFileType = sourcecode.swift; path = RatingView.swift; sourceTree = "<group>"; };
		03D04FE224BEF9BA0058E0A5 /* DeatilView.swift */ = {isa = PBXFileReference; lastKnownFileType = sourcecode.swift; path = DeatilView.swift; sourceTree = "<group>"; };
		03FF4B5C24BEE18000931545 /* MovieMemo.app */ = {isa = PBXFileReference; explicitFileType = wrapper.application; includeInIndex = 0; path = MovieMemo.app; sourceTree = BUILT_PRODUCTS_DIR; };
		03FF4B5F24BEE18000931545 /* AppDelegate.swift */ = {isa = PBXFileReference; lastKnownFileType = sourcecode.swift; path = AppDelegate.swift; sourceTree = "<group>"; };
		03FF4B6124BEE18000931545 /* SceneDelegate.swift */ = {isa = PBXFileReference; lastKnownFileType = sourcecode.swift; path = SceneDelegate.swift; sourceTree = "<group>"; };
		03FF4B6424BEE18000931545 /* MovieMemo.xcdatamodel */ = {isa = PBXFileReference; lastKnownFileType = wrapper.xcdatamodel; path = MovieMemo.xcdatamodel; sourceTree = "<group>"; };
		03FF4B6624BEE18000931545 /* ContentView.swift */ = {isa = PBXFileReference; lastKnownFileType = sourcecode.swift; path = ContentView.swift; sourceTree = "<group>"; };
		03FF4B6824BEE18100931545 /* Assets.xcassets */ = {isa = PBXFileReference; lastKnownFileType = folder.assetcatalog; path = Assets.xcassets; sourceTree = "<group>"; };
		03FF4B6B24BEE18100931545 /* Preview Assets.xcassets */ = {isa = PBXFileReference; lastKnownFileType = folder.assetcatalog; path = "Preview Assets.xcassets"; sourceTree = "<group>"; };
		03FF4B6E24BEE18100931545 /* Base */ = {isa = PBXFileReference; lastKnownFileType = file.storyboard; name = Base; path = Base.lproj/LaunchScreen.storyboard; sourceTree = "<group>"; };
		03FF4B7024BEE18100931545 /* Info.plist */ = {isa = PBXFileReference; lastKnownFileType = text.plist.xml; path = Info.plist; sourceTree = "<group>"; };
/* End PBXFileReference section */

/* Begin PBXFrameworksBuildPhase section */
		03FF4B5924BEE18000931545 /* Frameworks */ = {
			isa = PBXFrameworksBuildPhase;
			buildActionMask = 2147483647;
			files = (
			);
			runOnlyForDeploymentPostprocessing = 0;
		};
/* End PBXFrameworksBuildPhase section */

/* Begin PBXGroup section */
		03FF4B5324BEE18000931545 = {
			isa = PBXGroup;
			children = (
				03FF4B5E24BEE18000931545 /* MovieMemo */,
				03FF4B5D24BEE18000931545 /* Products */,
			);
			sourceTree = "<group>";
		};
		03FF4B5D24BEE18000931545 /* Products */ = {
			isa = PBXGroup;
			children = (
				03FF4B5C24BEE18000931545 /* MovieMemo.app */,
			);
			name = Products;
			sourceTree = "<group>";
		};
		03FF4B5E24BEE18000931545 /* MovieMemo */ = {
			isa = PBXGroup;
			children = (
				03FF4B5F24BEE18000931545 /* AppDelegate.swift */,
				03FF4B6124BEE18000931545 /* SceneDelegate.swift */,
				03FF4B6624BEE18000931545 /* ContentView.swift */,
				037AAFBC24BEE9CF0022798A /* AddMovieView.swift */,
				03D04FE224BEF9BA0058E0A5 /* DeatilView.swift */,
				037AAFBA24BEE6770022798A /* EmojiRatingView.swift */,
				037AAFBE24BEEC7B0022798A /* RatingView.swift */,
				03FF4B6824BEE18100931545 /* Assets.xcassets */,
				03FF4B6D24BEE18100931545 /* LaunchScreen.storyboard */,
				03FF4B7024BEE18100931545 /* Info.plist */,
				03FF4B6324BEE18000931545 /* MovieMemo.xcdatamodeld */,
				03FF4B6A24BEE18100931545 /* Preview Content */,
			);
			path = MovieMemo;
			sourceTree = "<group>";
		};
		03FF4B6A24BEE18100931545 /* Preview Content */ = {
			isa = PBXGroup;
			children = (
				03FF4B6B24BEE18100931545 /* Preview Assets.xcassets */,
			);
			path = "Preview Content";
			sourceTree = "<group>";
		};
/* End PBXGroup section */

/* Begin PBXNativeTarget section */
		03FF4B5B24BEE18000931545 /* MovieMemo */ = {
			isa = PBXNativeTarget;
			buildConfigurationList = 03FF4B7324BEE18100931545 /* Build configuration list for PBXNativeTarget "MovieMemo" */;
			buildPhases = (
				03FF4B5824BEE18000931545 /* Sources */,
				03FF4B5924BEE18000931545 /* Frameworks */,
				03FF4B5A24BEE18000931545 /* Resources */,
			);
			buildRules = (
			);
			dependencies = (
			);
			name = MovieMemo;
			productName = MovieMemo;
			productReference = 03FF4B5C24BEE18000931545 /* MovieMemo.app */;
			productType = "com.apple.product-type.application";
		};
/* End PBXNativeTarget section */

/* Begin PBXProject section */
		03FF4B5424BEE18000931545 /* Project object */ = {
			isa = PBXProject;
			attributes = {
				LastSwiftUpdateCheck = 1150;
				LastUpgradeCheck = 1150;
				ORGANIZATIONNAME = wjn;
				TargetAttributes = {
					03FF4B5B24BEE18000931545 = {
						CreatedOnToolsVersion = 11.5;
					};
				};
			};
			buildConfigurationList = 03FF4B5724BEE18000931545 /* Build configuration list for PBXProject "MovieMemo" */;
			compatibilityVersion = "Xcode 9.3";
			developmentRegion = en;
			hasScannedForEncodings = 0;
			knownRegions = (
				en,
				Base,
			);
			mainGroup = 03FF4B5324BEE18000931545;
			productRefGroup = 03FF4B5D24BEE18000931545 /* Products */;
			projectDirPath = "";
			projectRoot = "";
			targets = (
				03FF4B5B24BEE18000931545 /* MovieMemo */,
			);
		};
/* End PBXProject section */

/* Begin PBXResourcesBuildPhase section */
		03FF4B5A24BEE18000931545 /* Resources */ = {
			isa = PBXResourcesBuildPhase;
			buildActionMask = 2147483647;
			files = (
				03FF4B6F24BEE18100931545 /* LaunchScreen.storyboard in Resources */,
				03FF4B6C24BEE18100931545 /* Preview Assets.xcassets in Resources */,
				03FF4B6924BEE18100931545 /* Assets.xcassets in Resources */,
			);
			runOnlyForDeploymentPostprocessing = 0;
		};
/* End PBXResourcesBuildPhase section */

/* Begin PBXSourcesBuildPhase section */
		03FF4B5824BEE18000931545 /* Sources */ = {
			isa = PBXSourcesBuildPhase;
			buildActionMask = 2147483647;
			files = (
				037AAFBB24BEE6770022798A /* EmojiRatingView.swift in Sources */,
				03D04FE324BEF9BA0058E0A5 /* DeatilView.swift in Sources */,
				03FF4B6024BEE18000931545 /* AppDelegate.swift in Sources */,
				03FF4B6524BEE18000931545 /* MovieMemo.xcdatamodeld in Sources */,
				03FF4B6724BEE18000931545 /* ContentView.swift in Sources */,
				03FF4B6224BEE18000931545 /* SceneDelegate.swift in Sources */,
				037AAFBD24BEE9CF0022798A /* AddMovieView.swift in Sources */,
				037AAFBF24BEEC7B0022798A /* RatingView.swift in Sources */,
			);
			runOnlyForDeploymentPostprocessing = 0;
		};
/* End PBXSourcesBuildPhase section */

/* Begin PBXVariantGroup section */
		03FF4B6D24BEE18100931545 /* LaunchScreen.storyboard */ = {
			isa = PBXVariantGroup;
			children = (
				03FF4B6E24BEE18100931545 /* Base */,
			);
			name = LaunchScreen.storyboard;
			sourceTree = "<group>";
		};
/* End PBXVariantGroup section */

/* Begin XCBuildConfiguration section */
		03FF4B7124BEE18100931545 /* Debug */ = {
			isa = XCBuildConfiguration;
			buildSettings = {
				ALWAYS_SEARCH_USER_PATHS = NO;
				CLANG_ANALYZER_NONNULL = YES;
				CLANG_ANALYZER_NUMBER_OBJECT_CONVERSION = YES_AGGRESSIVE;
				CLANG_CXX_LANGUAGE_STANDARD = "gnu++14";
				CLANG_CXX_LIBRARY = "libc++";
				CLANG_ENABLE_MODULES = YES;
				CLANG_ENABLE_OBJC_ARC = YES;
				CLANG_ENABLE_OBJC_WEAK = YES;
				CLANG_WARN_BLOCK_CAPTURE_AUTORELEASING = YES;
				CLANG_WARN_BOOL_CONVERSION = YES;
				CLANG_WARN_COMMA = YES;
				CLANG_WARN_CONSTANT_CONVERSION = YES;
				CLANG_WARN_DEPRECATED_OBJC_IMPLEMENTATIONS = YES;
				CLANG_WARN_DIRECT_OBJC_ISA_USAGE = YES_ERROR;
				CLANG_WARN_DOCUMENTATION_COMMENTS = YES;
				CLANG_WARN_EMPTY_BODY = YES;
				CLANG_WARN_ENUM_CONVERSION = YES;
				CLANG_WARN_INFINITE_RECURSION = YES;
				CLANG_WARN_INT_CONVERSION = YES;
				CLANG_WARN_NON_LITERAL_NULL_CONVERSION = YES;
				CLANG_WARN_OBJC_IMPLICIT_RETAIN_SELF = YES;
				CLANG_WARN_OBJC_LITERAL_CONVERSION = YES;
				CLANG_WARN_OBJC_ROOT_CLASS = YES_ERROR;
				CLANG_WARN_RANGE_LOOP_ANALYSIS = YES;
				CLANG_WARN_STRICT_PROTOTYPES = YES;
				CLANG_WARN_SUSPICIOUS_MOVE = YES;
				CLANG_WARN_UNGUARDED_AVAILABILITY = YES_AGGRESSIVE;
				CLANG_WARN_UNREACHABLE_CODE = YES;
				CLANG_WARN__DUPLICATE_METHOD_MATCH = YES;
				COPY_PHASE_STRIP = NO;
				DEBUG_INFORMATION_FORMAT = dwarf;
				ENABLE_STRICT_OBJC_MSGSEND = YES;
				ENABLE_TESTABILITY = YES;
				GCC_C_LANGUAGE_STANDARD = gnu11;
				GCC_DYNAMIC_NO_PIC = NO;
				GCC_NO_COMMON_BLOCKS = YES;
				GCC_OPTIMIZATION_LEVEL = 0;
				GCC_PREPROCESSOR_DEFINITIONS = (
					"DEBUG=1",
					"$(inherited)",
				);
				GCC_WARN_64_TO_32_BIT_CONVERSION = YES;
				GCC_WARN_ABOUT_RETURN_TYPE = YES_ERROR;
				GCC_WARN_UNDECLARED_SELECTOR = YES;
				GCC_WARN_UNINITIALIZED_AUTOS = YES_AGGRESSIVE;
				GCC_WARN_UNUSED_FUNCTION = YES;
				GCC_WARN_UNUSED_VARIABLE = YES;
				IPHONEOS_DEPLOYMENT_TARGET = 13.5;
				MTL_ENABLE_DEBUG_INFO = INCLUDE_SOURCE;
				MTL_FAST_MATH = YES;
				ONLY_ACTIVE_ARCH = YES;
				SDKROOT = iphoneos;
				SWIFT_ACTIVE_COMPILATION_CONDITIONS = DEBUG;
				SWIFT_OPTIMIZATION_LEVEL = "-Onone";
			};
			name = Debug;
		};
		03FF4B7224BEE18100931545 /* Release */ = {
			isa = XCBuildConfiguration;
			buildSettings = {
				ALWAYS_SEARCH_USER_PATHS = NO;
				CLANG_ANALYZER_NONNULL = YES;
				CLANG_ANALYZER_NUMBER_OBJECT_CONVERSION = YES_AGGRESSIVE;
				CLANG_CXX_LANGUAGE_STANDARD = "gnu++14";
				CLANG_CXX_LIBRARY = "libc++";
				CLANG_ENABLE_MODULES = YES;
				CLANG_ENABLE_OBJC_ARC = YES;
				CLANG_ENABLE_OBJC_WEAK = YES;
				CLANG_WARN_BLOCK_CAPTURE_AUTORELEASING = YES;
				CLANG_WARN_BOOL_CONVERSION = YES;
				CLANG_WARN_COMMA = YES;
				CLANG_WARN_CONSTANT_CONVERSION = YES;
				CLANG_WARN_DEPRECATED_OBJC_IMPLEMENTATIONS = YES;
				CLANG_WARN_DIRECT_OBJC_ISA_USAGE = YES_ERROR;
				CLANG_WARN_DOCUMENTATION_COMMENTS = YES;
				CLANG_WARN_EMPTY_BODY = YES;
				CLANG_WARN_ENUM_CONVERSION = YES;
				CLANG_WARN_INFINITE_RECURSION = YES;
				CLANG_WARN_INT_CONVERSION = YES;
				CLANG_WARN_NON_LITERAL_NULL_CONVERSION = YES;
				CLANG_WARN_OBJC_IMPLICIT_RETAIN_SELF = YES;
				CLANG_WARN_OBJC_LITERAL_CONVERSION = YES;
				CLANG_WARN_OBJC_ROOT_CLASS = YES_ERROR;
				CLANG_WARN_RANGE_LOOP_ANALYSIS = YES;
				CLANG_WARN_STRICT_PROTOTYPES = YES;
				CLANG_WARN_SUSPICIOUS_MOVE = YES;
				CLANG_WARN_UNGUARDED_AVAILABILITY = YES_AGGRESSIVE;
				CLANG_WARN_UNREACHABLE_CODE = YES;
				CLANG_WARN__DUPLICATE_METHOD_MATCH = YES;
				COPY_PHASE_STRIP = NO;
				DEBUG_INFORMATION_FORMAT = "dwarf-with-dsym";
				ENABLE_NS_ASSERTIONS = NO;
				ENABLE_STRICT_OBJC_MSGSEND = YES;
				GCC_C_LANGUAGE_STANDARD = gnu11;
				GCC_NO_COMMON_BLOCKS = YES;
				GCC_WARN_64_TO_32_BIT_CONVERSION = YES;
				GCC_WARN_ABOUT_RETURN_TYPE = YES_ERROR;
				GCC_WARN_UNDECLARED_SELECTOR = YES;
				GCC_WARN_UNINITIALIZED_AUTOS = YES_AGGRESSIVE;
				GCC_WARN_UNUSED_FUNCTION = YES;
				GCC_WARN_UNUSED_VARIABLE = YES;
				IPHONEOS_DEPLOYMENT_TARGET = 13.5;
				MTL_ENABLE_DEBUG_INFO = NO;
				MTL_FAST_MATH = YES;
				SDKROOT = iphoneos;
				SWIFT_COMPILATION_MODE = wholemodule;
				SWIFT_OPTIMIZATION_LEVEL = "-O";
				VALIDATE_PRODUCT = YES;
			};
			name = Release;
		};
		03FF4B7424BEE18100931545 /* Debug */ = {
			isa = XCBuildConfiguration;
			buildSettings = {
				ASSETCATALOG_COMPILER_APPICON_NAME = AppIcon;
				CODE_SIGN_STYLE = Automatic;
				DEVELOPMENT_ASSET_PATHS = "\"MovieMemo/Preview Content\"";
				DEVELOPMENT_TEAM = 5PTQ66JYU9;
				ENABLE_PREVIEWS = YES;
				INFOPLIST_FILE = MovieMemo/Info.plist;
				LD_RUNPATH_SEARCH_PATHS = (
					"$(inherited)",
					"@executable_path/Frameworks",
				);
				PRODUCT_BUNDLE_IDENTIFIER = com.wjn.MovieMemo;
				PRODUCT_NAME = "$(TARGET_NAME)";
				SWIFT_VERSION = 5.0;
				TARGETED_DEVICE_FAMILY = "1,2";
			};
			name = Debug;
		};
		03FF4B7524BEE18100931545 /* Release */ = {
			isa = XCBuildConfiguration;
			buildSettings = {
				ASSETCATALOG_COMPILER_APPICON_NAME = AppIcon;
				CODE_SIGN_STYLE = Automatic;
				DEVELOPMENT_ASSET_PATHS = "\"MovieMemo/Preview Content\"";
				DEVELOPMENT_TEAM = 5PTQ66JYU9;
				ENABLE_PREVIEWS = YES;
				INFOPLIST_FILE = MovieMemo/Info.plist;
				LD_RUNPATH_SEARCH_PATHS = (
					"$(inherited)",
					"@executable_path/Frameworks",
				);
				PRODUCT_BUNDLE_IDENTIFIER = com.wjn.MovieMemo;
				PRODUCT_NAME = "$(TARGET_NAME)";
				SWIFT_VERSION = 5.0;
				TARGETED_DEVICE_FAMILY = "1,2";
			};
			name = Release;
		};
/* End XCBuildConfiguration section */

/* Begin XCConfigurationList section */
		03FF4B5724BEE18000931545 /* Build configuration list for PBXProject "MovieMemo" */ = {
			isa = XCConfigurationList;
			buildConfigurations = (
				03FF4B7124BEE18100931545 /* Debug */,
				03FF4B7224BEE18100931545 /* Release */,
			);
			defaultConfigurationIsVisible = 0;
			defaultConfigurationName = Release;
		};
		03FF4B7324BEE18100931545 /* Build configuration list for PBXNativeTarget "MovieMemo" */ = {
			isa = XCConfigurationList;
			buildConfigurations = (
				03FF4B7424BEE18100931545 /* Debug */,
				03FF4B7524BEE18100931545 /* Release */,
			);
			defaultConfigurationIsVisible = 0;
			defaultConfigurationName = Release;
		};
/* End XCConfigurationList section */

/* Begin XCVersionGroup section */
		03FF4B6324BEE18000931545 /* MovieMemo.xcdatamodeld */ = {
			isa = XCVersionGroup;
			children = (
				03FF4B6424BEE18000931545 /* MovieMemo.xcdatamodel */,
			);
			currentVersion = 03FF4B6424BEE18000931545 /* MovieMemo.xcdatamodel */;
			path = MovieMemo.xcdatamodeld;
			sourceTree = "<group>";
			versionGroupType = wrapper.xcdatamodel;
		};
/* End XCVersionGroup section */
	};
	rootObject = 03FF4B5424BEE18000931545 /* Project object */;
}
