// !$*UTF8*$!
{
	archiveVersion = 1;
	classes = {
	};
	objectVersion = 50;
	objects = {

/* Begin PBXBuildFile section */
		03E0A7C424BC6AA10077DC73 /* AppDelegate.swift in Sources */ = {isa = PBXBuildFile; fileRef = 03E0A7C324BC6AA10077DC73 /* AppDelegate.swift */; };
		03E0A7C624BC6AA10077DC73 /* SceneDelegate.swift in Sources */ = {isa = PBXBuildFile; fileRef = 03E0A7C524BC6AA10077DC73 /* SceneDelegate.swift */; };
		03E0A7C824BC6AA10077DC73 /* ContentView.swift in Sources */ = {isa = PBXBuildFile; fileRef = 03E0A7C724BC6AA10077DC73 /* ContentView.swift */; };
		03E0A7CA24BC6AA30077DC73 /* Assets.xcassets in Resources */ = {isa = PBXBuildFile; fileRef = 03E0A7C924BC6AA30077DC73 /* Assets.xcassets */; };
		03E0A7CD24BC6AA30077DC73 /* Preview Assets.xcassets in Resources */ = {isa = PBXBuildFile; fileRef = 03E0A7CC24BC6AA30077DC73 /* Preview Assets.xcassets */; };
		03E0A7D024BC6AA30077DC73 /* LaunchScreen.storyboard in Resources */ = {isa = PBXBuildFile; fileRef = 03E0A7CE24BC6AA30077DC73 /* LaunchScreen.storyboard */; };
		03E0A7D924BE97AC0077DC73 /* plans.json in Resources */ = {isa = PBXBuildFile; fileRef = 03E0A7D724BE97AC0077DC73 /* plans.json */; };
		03E0A7DA24BE97AC0077DC73 /* astronauts.json in Resources */ = {isa = PBXBuildFile; fileRef = 03E0A7D824BE97AC0077DC73 /* astronauts.json */; };
		03E0A7DC24BE984A0077DC73 /* Plan.swift in Sources */ = {isa = PBXBuildFile; fileRef = 03E0A7DB24BE984A0077DC73 /* Plan.swift */; };
		03E0A7DE24BE9B9D0077DC73 /* Bundle-Decodable.swift in Sources */ = {isa = PBXBuildFile; fileRef = 03E0A7DD24BE9B9D0077DC73 /* Bundle-Decodable.swift */; };
		03E0A7E024BE9DD10077DC73 /* Astronaut.swift in Sources */ = {isa = PBXBuildFile; fileRef = 03E0A7DF24BE9DD10077DC73 /* Astronaut.swift */; };
		03E0A7E224BE9E210077DC73 /* AstronautView.swift in Sources */ = {isa = PBXBuildFile; fileRef = 03E0A7E124BE9E210077DC73 /* AstronautView.swift */; };
		03E0A7E424BEA2960077DC73 /* PlanView.swift in Sources */ = {isa = PBXBuildFile; fileRef = 03E0A7E324BEA2960077DC73 /* PlanView.swift */; };
/* End PBXBuildFile section */

/* Begin PBXFileReference section */
		03E0A7C024BC6AA10077DC73 /* ShenZhou.app */ = {isa = PBXFileReference; explicitFileType = wrapper.application; includeInIndex = 0; path = ShenZhou.app; sourceTree = BUILT_PRODUCTS_DIR; };
		03E0A7C324BC6AA10077DC73 /* AppDelegate.swift */ = {isa = PBXFileReference; lastKnownFileType = sourcecode.swift; path = AppDelegate.swift; sourceTree = "<group>"; };
		03E0A7C524BC6AA10077DC73 /* SceneDelegate.swift */ = {isa = PBXFileReference; lastKnownFileType = sourcecode.swift; path = SceneDelegate.swift; sourceTree = "<group>"; };
		03E0A7C724BC6AA10077DC73 /* ContentView.swift */ = {isa = PBXFileReference; lastKnownFileType = sourcecode.swift; path = ContentView.swift; sourceTree = "<group>"; };
		03E0A7C924BC6AA30077DC73 /* Assets.xcassets */ = {isa = PBXFileReference; lastKnownFileType = folder.assetcatalog; path = Assets.xcassets; sourceTree = "<group>"; };
		03E0A7CC24BC6AA30077DC73 /* Preview Assets.xcassets */ = {isa = PBXFileReference; lastKnownFileType = folder.assetcatalog; path = "Preview Assets.xcassets"; sourceTree = "<group>"; };
		03E0A7CF24BC6AA30077DC73 /* Base */ = {isa = PBXFileReference; lastKnownFileType = file.storyboard; name = Base; path = Base.lproj/LaunchScreen.storyboard; sourceTree = "<group>"; };
		03E0A7D124BC6AA30077DC73 /* Info.plist */ = {isa = PBXFileReference; lastKnownFileType = text.plist.xml; path = Info.plist; sourceTree = "<group>"; };
		03E0A7D724BE97AC0077DC73 /* plans.json */ = {isa = PBXFileReference; fileEncoding = 4; lastKnownFileType = text.json; path = plans.json; sourceTree = "<group>"; };
		03E0A7D824BE97AC0077DC73 /* astronauts.json */ = {isa = PBXFileReference; fileEncoding = 4; lastKnownFileType = text.json; path = astronauts.json; sourceTree = "<group>"; };
		03E0A7DB24BE984A0077DC73 /* Plan.swift */ = {isa = PBXFileReference; lastKnownFileType = sourcecode.swift; path = Plan.swift; sourceTree = "<group>"; };
		03E0A7DD24BE9B9D0077DC73 /* Bundle-Decodable.swift */ = {isa = PBXFileReference; lastKnownFileType = sourcecode.swift; path = "Bundle-Decodable.swift"; sourceTree = "<group>"; };
		03E0A7DF24BE9DD10077DC73 /* Astronaut.swift */ = {isa = PBXFileReference; lastKnownFileType = sourcecode.swift; path = Astronaut.swift; sourceTree = "<group>"; };
		03E0A7E124BE9E210077DC73 /* AstronautView.swift */ = {isa = PBXFileReference; lastKnownFileType = sourcecode.swift; path = AstronautView.swift; sourceTree = "<group>"; };
		03E0A7E324BEA2960077DC73 /* PlanView.swift */ = {isa = PBXFileReference; lastKnownFileType = sourcecode.swift; path = PlanView.swift; sourceTree = "<group>"; };
/* End PBXFileReference section */

/* Begin PBXFrameworksBuildPhase section */
		03E0A7BD24BC6AA10077DC73 /* Frameworks */ = {
			isa = PBXFrameworksBuildPhase;
			buildActionMask = 2147483647;
			files = (
			);
			runOnlyForDeploymentPostprocessing = 0;
		};
/* End PBXFrameworksBuildPhase section */

/* Begin PBXGroup section */
		03E0A7B724BC6AA10077DC73 = {
			isa = PBXGroup;
			children = (
				03E0A7C224BC6AA10077DC73 /* ShenZhou */,
				03E0A7C124BC6AA10077DC73 /* Products */,
			);
			sourceTree = "<group>";
		};
		03E0A7C124BC6AA10077DC73 /* Products */ = {
			isa = PBXGroup;
			children = (
				03E0A7C024BC6AA10077DC73 /* ShenZhou.app */,
			);
			name = Products;
			sourceTree = "<group>";
		};
		03E0A7C224BC6AA10077DC73 /* ShenZhou */ = {
			isa = PBXGroup;
			children = (
				03E0A7C324BC6AA10077DC73 /* AppDelegate.swift */,
				03E0A7C524BC6AA10077DC73 /* SceneDelegate.swift */,
				03E0A7C724BC6AA10077DC73 /* ContentView.swift */,
				03E0A7E324BEA2960077DC73 /* PlanView.swift */,
				03E0A7E124BE9E210077DC73 /* AstronautView.swift */,
				03E0A7DD24BE9B9D0077DC73 /* Bundle-Decodable.swift */,
				03E0A7DB24BE984A0077DC73 /* Plan.swift */,
				03E0A7DF24BE9DD10077DC73 /* Astronaut.swift */,
				03E0A7D824BE97AC0077DC73 /* astronauts.json */,
				03E0A7D724BE97AC0077DC73 /* plans.json */,
				03E0A7C924BC6AA30077DC73 /* Assets.xcassets */,
				03E0A7CE24BC6AA30077DC73 /* LaunchScreen.storyboard */,
				03E0A7D124BC6AA30077DC73 /* Info.plist */,
				03E0A7CB24BC6AA30077DC73 /* Preview Content */,
			);
			path = ShenZhou;
			sourceTree = "<group>";
		};
		03E0A7CB24BC6AA30077DC73 /* Preview Content */ = {
			isa = PBXGroup;
			children = (
				03E0A7CC24BC6AA30077DC73 /* Preview Assets.xcassets */,
			);
			path = "Preview Content";
			sourceTree = "<group>";
		};
/* End PBXGroup section */

/* Begin PBXNativeTarget section */
		03E0A7BF24BC6AA10077DC73 /* ShenZhou */ = {
			isa = PBXNativeTarget;
			buildConfigurationList = 03E0A7D424BC6AA30077DC73 /* Build configuration list for PBXNativeTarget "ShenZhou" */;
			buildPhases = (
				03E0A7BC24BC6AA10077DC73 /* Sources */,
				03E0A7BD24BC6AA10077DC73 /* Frameworks */,
				03E0A7BE24BC6AA10077DC73 /* Resources */,
			);
			buildRules = (
			);
			dependencies = (
			);
			name = ShenZhou;
			productName = ShenZhou;
			productReference = 03E0A7C024BC6AA10077DC73 /* ShenZhou.app */;
			productType = "com.apple.product-type.application";
		};
/* End PBXNativeTarget section */

/* Begin PBXProject section */
		03E0A7B824BC6AA10077DC73 /* Project object */ = {
			isa = PBXProject;
			attributes = {
				LastSwiftUpdateCheck = 1150;
				LastUpgradeCheck = 1150;
				ORGANIZATIONNAME = wjn;
				TargetAttributes = {
					03E0A7BF24BC6AA10077DC73 = {
						CreatedOnToolsVersion = 11.5;
					};
				};
			};
			buildConfigurationList = 03E0A7BB24BC6AA10077DC73 /* Build configuration list for PBXProject "ShenZhou" */;
			compatibilityVersion = "Xcode 9.3";
			developmentRegion = en;
			hasScannedForEncodings = 0;
			knownRegions = (
				en,
				Base,
			);
			mainGroup = 03E0A7B724BC6AA10077DC73;
			productRefGroup = 03E0A7C124BC6AA10077DC73 /* Products */;
			projectDirPath = "";
			projectRoot = "";
			targets = (
				03E0A7BF24BC6AA10077DC73 /* ShenZhou */,
			);
		};
/* End PBXProject section */

/* Begin PBXResourcesBuildPhase section */
		03E0A7BE24BC6AA10077DC73 /* Resources */ = {
			isa = PBXResourcesBuildPhase;
			buildActionMask = 2147483647;
			files = (
				03E0A7D924BE97AC0077DC73 /* plans.json in Resources */,
				03E0A7D024BC6AA30077DC73 /* LaunchScreen.storyboard in Resources */,
				03E0A7CD24BC6AA30077DC73 /* Preview Assets.xcassets in Resources */,
				03E0A7DA24BE97AC0077DC73 /* astronauts.json in Resources */,
				03E0A7CA24BC6AA30077DC73 /* Assets.xcassets in Resources */,
			);
			runOnlyForDeploymentPostprocessing = 0;
		};
/* End PBXResourcesBuildPhase section */

/* Begin PBXSourcesBuildPhase section */
		03E0A7BC24BC6AA10077DC73 /* Sources */ = {
			isa = PBXSourcesBuildPhase;
			buildActionMask = 2147483647;
			files = (
				03E0A7E224BE9E210077DC73 /* AstronautView.swift in Sources */,
				03E0A7DC24BE984A0077DC73 /* Plan.swift in Sources */,
				03E0A7C424BC6AA10077DC73 /* AppDelegate.swift in Sources */,
				03E0A7DE24BE9B9D0077DC73 /* Bundle-Decodable.swift in Sources */,
				03E0A7E024BE9DD10077DC73 /* Astronaut.swift in Sources */,
				03E0A7C624BC6AA10077DC73 /* SceneDelegate.swift in Sources */,
				03E0A7C824BC6AA10077DC73 /* ContentView.swift in Sources */,
				03E0A7E424BEA2960077DC73 /* PlanView.swift in Sources */,
			);
			runOnlyForDeploymentPostprocessing = 0;
		};
/* End PBXSourcesBuildPhase section */

/* Begin PBXVariantGroup section */
		03E0A7CE24BC6AA30077DC73 /* LaunchScreen.storyboard */ = {
			isa = PBXVariantGroup;
			children = (
				03E0A7CF24BC6AA30077DC73 /* Base */,
			);
			name = LaunchScreen.storyboard;
			sourceTree = "<group>";
		};
/* End PBXVariantGroup section */

/* Begin XCBuildConfiguration section */
		03E0A7D224BC6AA30077DC73 /* Debug */ = {
			isa = XCBuildConfiguration;
			buildSettings = {
				ALWAYS_SEARCH_USER_PATHS = NO;
				CLANG_ANALYZER_NONNULL = YES;
				CLANG_ANALYZER_NUMBER_OBJECT_CONVERSION = YES_AGGRESSIVE;
				CLANG_CXX_LANGUAGE_STANDARD = "gnu++14";
				CLANG_CXX_LIBRARY = "libc++";
				CLANG_ENABLE_MODULES = YES;
				CLANG_ENABLE_OBJC_ARC = YES;
				CLANG_ENABLE_OBJC_WEAK = YES;
				CLANG_WARN_BLOCK_CAPTURE_AUTORELEASING = YES;
				CLANG_WARN_BOOL_CONVERSION = YES;
				CLANG_WARN_COMMA = YES;
				CLANG_WARN_CONSTANT_CONVERSION = YES;
				CLANG_WARN_DEPRECATED_OBJC_IMPLEMENTATIONS = YES;
				CLANG_WARN_DIRECT_OBJC_ISA_USAGE = YES_ERROR;
				CLANG_WARN_DOCUMENTATION_COMMENTS = YES;
				CLANG_WARN_EMPTY_BODY = YES;
				CLANG_WARN_ENUM_CONVERSION = YES;
				CLANG_WARN_INFINITE_RECURSION = YES;
				CLANG_WARN_INT_CONVERSION = YES;
				CLANG_WARN_NON_LITERAL_NULL_CONVERSION = YES;
				CLANG_WARN_OBJC_IMPLICIT_RETAIN_SELF = YES;
				CLANG_WARN_OBJC_LITERAL_CONVERSION = YES;
				CLANG_WARN_OBJC_ROOT_CLASS = YES_ERROR;
				CLANG_WARN_RANGE_LOOP_ANALYSIS = YES;
				CLANG_WARN_STRICT_PROTOTYPES = YES;
				CLANG_WARN_SUSPICIOUS_MOVE = YES;
				CLANG_WARN_UNGUARDED_AVAILABILITY = YES_AGGRESSIVE;
				CLANG_WARN_UNREACHABLE_CODE = YES;
				CLANG_WARN__DUPLICATE_METHOD_MATCH = YES;
				COPY_PHASE_STRIP = NO;
				DEBUG_INFORMATION_FORMAT = dwarf;
				ENABLE_STRICT_OBJC_MSGSEND = YES;
				ENABLE_TESTABILITY = YES;
				GCC_C_LANGUAGE_STANDARD = gnu11;
				GCC_DYNAMIC_NO_PIC = NO;
				GCC_NO_COMMON_BLOCKS = YES;
				GCC_OPTIMIZATION_LEVEL = 0;
				GCC_PREPROCESSOR_DEFINITIONS = (
					"DEBUG=1",
					"$(inherited)",
				);
				GCC_WARN_64_TO_32_BIT_CONVERSION = YES;
				GCC_WARN_ABOUT_RETURN_TYPE = YES_ERROR;
				GCC_WARN_UNDECLARED_SELECTOR = YES;
				GCC_WARN_UNINITIALIZED_AUTOS = YES_AGGRESSIVE;
				GCC_WARN_UNUSED_FUNCTION = YES;
				GCC_WARN_UNUSED_VARIABLE = YES;
				IPHONEOS_DEPLOYMENT_TARGET = 13.5;
				MTL_ENABLE_DEBUG_INFO = INCLUDE_SOURCE;
				MTL_FAST_MATH = YES;
				ONLY_ACTIVE_ARCH = YES;
				SDKROOT = iphoneos;
				SWIFT_ACTIVE_COMPILATION_CONDITIONS = DEBUG;
				SWIFT_OPTIMIZATION_LEVEL = "-Onone";
			};
			name = Debug;
		};
		03E0A7D324BC6AA30077DC73 /* Release */ = {
			isa = XCBuildConfiguration;
			buildSettings = {
				ALWAYS_SEARCH_USER_PATHS = NO;
				CLANG_ANALYZER_NONNULL = YES;
				CLANG_ANALYZER_NUMBER_OBJECT_CONVERSION = YES_AGGRESSIVE;
				CLANG_CXX_LANGUAGE_STANDARD = "gnu++14";
				CLANG_CXX_LIBRARY = "libc++";
				CLANG_ENABLE_MODULES = YES;
				CLANG_ENABLE_OBJC_ARC = YES;
				CLANG_ENABLE_OBJC_WEAK = YES;
				CLANG_WARN_BLOCK_CAPTURE_AUTORELEASING = YES;
				CLANG_WARN_BOOL_CONVERSION = YES;
				CLANG_WARN_COMMA = YES;
				CLANG_WARN_CONSTANT_CONVERSION = YES;
				CLANG_WARN_DEPRECATED_OBJC_IMPLEMENTATIONS = YES;
				CLANG_WARN_DIRECT_OBJC_ISA_USAGE = YES_ERROR;
				CLANG_WARN_DOCUMENTATION_COMMENTS = YES;
				CLANG_WARN_EMPTY_BODY = YES;
				CLANG_WARN_ENUM_CONVERSION = YES;
				CLANG_WARN_INFINITE_RECURSION = YES;
				CLANG_WARN_INT_CONVERSION = YES;
				CLANG_WARN_NON_LITERAL_NULL_CONVERSION = YES;
				CLANG_WARN_OBJC_IMPLICIT_RETAIN_SELF = YES;
				CLANG_WARN_OBJC_LITERAL_CONVERSION = YES;
				CLANG_WARN_OBJC_ROOT_CLASS = YES_ERROR;
				CLANG_WARN_RANGE_LOOP_ANALYSIS = YES;
				CLANG_WARN_STRICT_PROTOTYPES = YES;
				CLANG_WARN_SUSPICIOUS_MOVE = YES;
				CLANG_WARN_UNGUARDED_AVAILABILITY = YES_AGGRESSIVE;
				CLANG_WARN_UNREACHABLE_CODE = YES;
				CLANG_WARN__DUPLICATE_METHOD_MATCH = YES;
				COPY_PHASE_STRIP = NO;
				DEBUG_INFORMATION_FORMAT = "dwarf-with-dsym";
				ENABLE_NS_ASSERTIONS = NO;
				ENABLE_STRICT_OBJC_MSGSEND = YES;
				GCC_C_LANGUAGE_STANDARD = gnu11;
				GCC_NO_COMMON_BLOCKS = YES;
				GCC_WARN_64_TO_32_BIT_CONVERSION = YES;
				GCC_WARN_ABOUT_RETURN_TYPE = YES_ERROR;
				GCC_WARN_UNDECLARED_SELECTOR = YES;
				GCC_WARN_UNINITIALIZED_AUTOS = YES_AGGRESSIVE;
				GCC_WARN_UNUSED_FUNCTION = YES;
				GCC_WARN_UNUSED_VARIABLE = YES;
				IPHONEOS_DEPLOYMENT_TARGET = 13.5;
				MTL_ENABLE_DEBUG_INFO = NO;
				MTL_FAST_MATH = YES;
				SDKROOT = iphoneos;
				SWIFT_COMPILATION_MODE = wholemodule;
				SWIFT_OPTIMIZATION_LEVEL = "-O";
				VALIDATE_PRODUCT = YES;
			};
			name = Release;
		};
		03E0A7D524BC6AA30077DC73 /* Debug */ = {
			isa = XCBuildConfiguration;
			buildSettings = {
				ASSETCATALOG_COMPILER_APPICON_NAME = AppIcon;
				CODE_SIGN_STYLE = Automatic;
				DEVELOPMENT_ASSET_PATHS = "\"ShenZhou/Preview Content\"";
				DEVELOPMENT_TEAM = 5PTQ66JYU9;
				ENABLE_PREVIEWS = YES;
				INFOPLIST_FILE = ShenZhou/Info.plist;
				LD_RUNPATH_SEARCH_PATHS = (
					"$(inherited)",
					"@executable_path/Frameworks",
				);
				PRODUCT_BUNDLE_IDENTIFIER = com.wjn.ShenZhou;
				PRODUCT_NAME = "$(TARGET_NAME)";
				SWIFT_VERSION = 5.0;
				TARGETED_DEVICE_FAMILY = "1,2";
			};
			name = Debug;
		};
		03E0A7D624BC6AA30077DC73 /* Release */ = {
			isa = XCBuildConfiguration;
			buildSettings = {
				ASSETCATALOG_COMPILER_APPICON_NAME = AppIcon;
				CODE_SIGN_STYLE = Automatic;
				DEVELOPMENT_ASSET_PATHS = "\"ShenZhou/Preview Content\"";
				DEVELOPMENT_TEAM = 5PTQ66JYU9;
				ENABLE_PREVIEWS = YES;
				INFOPLIST_FILE = ShenZhou/Info.plist;
				LD_RUNPATH_SEARCH_PATHS = (
					"$(inherited)",
					"@executable_path/Frameworks",
				);
				PRODUCT_BUNDLE_IDENTIFIER = com.wjn.ShenZhou;
				PRODUCT_NAME = "$(TARGET_NAME)";
				SWIFT_VERSION = 5.0;
				TARGETED_DEVICE_FAMILY = "1,2";
			};
			name = Release;
		};
/* End XCBuildConfiguration section */

/* Begin XCConfigurationList section */
		03E0A7BB24BC6AA10077DC73 /* Build configuration list for PBXProject "ShenZhou" */ = {
			isa = XCConfigurationList;
			buildConfigurations = (
				03E0A7D224BC6AA30077DC73 /* Debug */,
				03E0A7D324BC6AA30077DC73 /* Release */,
			);
			defaultConfigurationIsVisible = 0;
			defaultConfigurationName = Release;
		};
		03E0A7D424BC6AA30077DC73 /* Build configuration list for PBXNativeTarget "ShenZhou" */ = {
			isa = XCConfigurationList;
			buildConfigurations = (
				03E0A7D524BC6AA30077DC73 /* Debug */,
				03E0A7D624BC6AA30077DC73 /* Release */,
			);
			defaultConfigurationIsVisible = 0;
			defaultConfigurationName = Release;
		};
/* End XCConfigurationList section */
	};
	rootObject = 03E0A7B824BC6AA10077DC73 /* Project object */;
}
